
Microsoft Visual Studio Solution File, Format Version 12.00
# Visual Studio Version 16
VisualStudioVersion = 16.0.30002.166
MinimumVisualStudioVersion = 10.0.40219.1
Project("{9A19103F-16F7-4668-BE54-9A1E7A4F7556}") = "Checkout.Domain", "Checkout.Domain\Checkout.Domain.csproj", "{4F1607F0-767B-4A81-8C03-2F6A4B450B2B}"
EndProject
Project("{9A19103F-16F7-4668-BE54-9A1E7A4F7556}") = "Checkout.Domain.Tests", "Checkout.Domain.Tests\Checkout.Domain.Tests.csproj", "{724A5075-4AA4-495C-98B5-B47E308CCA08}"
EndProject
Project("{2150E333-8FDC-42A3-9474-1A3956D46DE8}") = "Solution Items", "Solution Items", "{BEED6B9D-433B-4527-A881-7D0483731CC0}"
	ProjectSection(SolutionItems) = preProject
		.editorconfig = .editorconfig
		Context.Map.png = Context.Map.png
		Domain.Model.png = Domain.Model.png
		HowCreated.md = HowCreated.md
		README.md = README.md
		VS.NET.Core.Console.App.png = VS.NET.Core.Console.App.png
		VS.NET.Core.Lib.png = VS.NET.Core.Lib.png
		VS.NET.Core.Test.png = VS.NET.Core.Test.png
	EndProjectSection
EndProject
Project("{2150E333-8FDC-42A3-9474-1A3956D46DE8}") = "3 - Domain", "3 - Domain", "{B61D7405-F29B-48DE-8D4E-D5DF910E44BE}"
EndProject
Project("{2150E333-8FDC-42A3-9474-1A3956D46DE8}") = "2 - Service", "2 - Service", "{6ABB0350-20EF-48D6-BA1E-1B56467B618D}"
EndProject
Project("{2150E333-8FDC-42A3-9474-1A3956D46DE8}") = "4 - Infrastructure", "4 - Infrastructure", "{5CDCF901-115F-4479-AC44-56623DA31F27}"
EndProject
Project("{9A19103F-16F7-4668-BE54-9A1E7A4F7556}") = "Checkout.Repositories", "Checkout.Repositories\Checkout.Repositories.csproj", "{21E8FE1F-5387-4F27-9A1A-5F2B40FA75F9}"
EndProject
Project("{9A19103F-16F7-4668-BE54-9A1E7A4F7556}") = "Checkout.Repositories.Tests", "Checkout.Repositories.Tests\Checkout.Repositories.Tests.csproj", "{F4C5AB40-CA8B-46BF-BA0A-2C48C76CAD53}"
EndProject
Project("{2150E333-8FDC-42A3-9474-1A3956D46DE8}") = "1 - Presentation", "1 - Presentation", "{0AAF6CCF-FD7D-45DE-8EF7-2BF829B04BBD}"
EndProject
Project("{9A19103F-16F7-4668-BE54-9A1E7A4F7556}") = "Checkout.Contracts", "Checkout.Contracts\Checkout.Contracts.csproj", "{EEB5CD8E-1470-4A5D-BF4F-45A39F92527E}"
EndProject
Project("{9A19103F-16F7-4668-BE54-9A1E7A4F7556}") = "Checkout.Terminal", "Checkout.Terminal\Checkout.Terminal.csproj", "{EC7843A6-328D-40B2-A9B7-FE40009CF1B1}"
EndProject
Project("{9A19103F-16F7-4668-BE54-9A1E7A4F7556}") = "Checkout.Terminal.Tests", "Checkout.Terminal.Tests\Checkout.Terminal.Tests.csproj", "{169D1979-36FF-4102-9D0D-6B2CA5F7B013}"
EndProject
Project("{9A19103F-16F7-4668-BE54-9A1E7A4F7556}") = "Checkout.AppService.Tests", "Checkout.AppService.Tests\Checkout.AppService.Tests.csproj", "{1E476477-C2B3-4D68-A1DC-E887018A7541}"
EndProject
Project("{9A19103F-16F7-4668-BE54-9A1E7A4F7556}") = "Checkout.AppService", "Checkout.AppService\Checkout.AppService.csproj", "{F4B68571-5E1D-41FD-88C8-F33AD743CB20}"
EndProject
Project("{FAE04EC0-301F-11D3-BF4B-00C04F79EFBC}") = "Checkout.Gui", "Checkout.Gui\Checkout.Gui.csproj", "{81219EE7-6FCD-4512-9446-E97B54923852}"
EndProject
Global
	GlobalSection(SolutionConfigurationPlatforms) = preSolution
		Debug|Any CPU = Debug|Any CPU
		Release|Any CPU = Release|Any CPU
	EndGlobalSection
	GlobalSection(ProjectConfigurationPlatforms) = postSolution
		{4F1607F0-767B-4A81-8C03-2F6A4B450B2B}.Debug|Any CPU.ActiveCfg = Debug|Any CPU
		{4F1607F0-767B-4A81-8C03-2F6A4B450B2B}.Debug|Any CPU.Build.0 = Debug|Any CPU
		{4F1607F0-767B-4A81-8C03-2F6A4B450B2B}.Release|Any CPU.ActiveCfg = Release|Any CPU
		{4F1607F0-767B-4A81-8C03-2F6A4B450B2B}.Release|Any CPU.Build.0 = Release|Any CPU
		{724A5075-4AA4-495C-98B5-B47E308CCA08}.Debug|Any CPU.ActiveCfg = Debug|Any CPU
		{724A5075-4AA4-495C-98B5-B47E308CCA08}.Debug|Any CPU.Build.0 = Debug|Any CPU
		{724A5075-4AA4-495C-98B5-B47E308CCA08}.Release|Any CPU.ActiveCfg = Release|Any CPU
		{724A5075-4AA4-495C-98B5-B47E308CCA08}.Release|Any CPU.Build.0 = Release|Any CPU
		{21E8FE1F-5387-4F27-9A1A-5F2B40FA75F9}.Debug|Any CPU.ActiveCfg = Debug|Any CPU
		{21E8FE1F-5387-4F27-9A1A-5F2B40FA75F9}.Debug|Any CPU.Build.0 = Debug|Any CPU
		{21E8FE1F-5387-4F27-9A1A-5F2B40FA75F9}.Release|Any CPU.ActiveCfg = Release|Any CPU
		{21E8FE1F-5387-4F27-9A1A-5F2B40FA75F9}.Release|Any CPU.Build.0 = Release|Any CPU
		{F4C5AB40-CA8B-46BF-BA0A-2C48C76CAD53}.Debug|Any CPU.ActiveCfg = Debug|Any CPU
		{F4C5AB40-CA8B-46BF-BA0A-2C48C76CAD53}.Debug|Any CPU.Build.0 = Debug|Any CPU
		{F4C5AB40-CA8B-46BF-BA0A-2C48C76CAD53}.Release|Any CPU.ActiveCfg = Release|Any CPU
		{F4C5AB40-CA8B-46BF-BA0A-2C48C76CAD53}.Release|Any CPU.Build.0 = Release|Any CPU
		{EEB5CD8E-1470-4A5D-BF4F-45A39F92527E}.Debug|Any CPU.ActiveCfg = Debug|Any CPU
		{EEB5CD8E-1470-4A5D-BF4F-45A39F92527E}.Debug|Any CPU.Build.0 = Debug|Any CPU
		{EEB5CD8E-1470-4A5D-BF4F-45A39F92527E}.Release|Any CPU.ActiveCfg = Release|Any CPU
		{EEB5CD8E-1470-4A5D-BF4F-45A39F92527E}.Release|Any CPU.Build.0 = Release|Any CPU
		{EC7843A6-328D-40B2-A9B7-FE40009CF1B1}.Debug|Any CPU.ActiveCfg = Debug|Any CPU
		{EC7843A6-328D-40B2-A9B7-FE40009CF1B1}.Debug|Any CPU.Build.0 = Debug|Any CPU
		{EC7843A6-328D-40B2-A9B7-FE40009CF1B1}.Release|Any CPU.ActiveCfg = Release|Any CPU
		{EC7843A6-328D-40B2-A9B7-FE40009CF1B1}.Release|Any CPU.Build.0 = Release|Any CPU
		{169D1979-36FF-4102-9D0D-6B2CA5F7B013}.Debug|Any CPU.ActiveCfg = Debug|Any CPU
		{169D1979-36FF-4102-9D0D-6B2CA5F7B013}.Debug|Any CPU.Build.0 = Debug|Any CPU
		{169D1979-36FF-4102-9D0D-6B2CA5F7B013}.Release|Any CPU.ActiveCfg = Release|Any CPU
		{169D1979-36FF-4102-9D0D-6B2CA5F7B013}.Release|Any CPU.Build.0 = Release|Any CPU
		{1E476477-C2B3-4D68-A1DC-E887018A7541}.Debug|Any CPU.ActiveCfg = Debug|Any CPU
		{1E476477-C2B3-4D68-A1DC-E887018A7541}.Debug|Any CPU.Build.0 = Debug|Any CPU
		{1E476477-C2B3-4D68-A1DC-E887018A7541}.Release|Any CPU.ActiveCfg = Release|Any CPU
		{1E476477-C2B3-4D68-A1DC-E887018A7541}.Release|Any CPU.Build.0 = Release|Any CPU
		{F4B68571-5E1D-41FD-88C8-F33AD743CB20}.Debug|Any CPU.ActiveCfg = Debug|Any CPU
		{F4B68571-5E1D-41FD-88C8-F33AD743CB20}.Debug|Any CPU.Build.0 = Debug|Any CPU
		{F4B68571-5E1D-41FD-88C8-F33AD743CB20}.Release|Any CPU.ActiveCfg = Release|Any CPU
		{F4B68571-5E1D-41FD-88C8-F33AD743CB20}.Release|Any CPU.Build.0 = Release|Any CPU
		{81219EE7-6FCD-4512-9446-E97B54923852}.Debug|Any CPU.ActiveCfg = Debug|Any CPU
		{81219EE7-6FCD-4512-9446-E97B54923852}.Debug|Any CPU.Build.0 = Debug|Any CPU
		{81219EE7-6FCD-4512-9446-E97B54923852}.Release|Any CPU.ActiveCfg = Release|Any CPU
		{81219EE7-6FCD-4512-9446-E97B54923852}.Release|Any CPU.Build.0 = Release|Any CPU
	EndGlobalSection
	GlobalSection(SolutionProperties) = preSolution
		HideSolutionNode = FALSE
	EndGlobalSection
	GlobalSection(NestedProjects) = preSolution
		{4F1607F0-767B-4A81-8C03-2F6A4B450B2B} = {B61D7405-F29B-48DE-8D4E-D5DF910E44BE}
		{724A5075-4AA4-495C-98B5-B47E308CCA08} = {B61D7405-F29B-48DE-8D4E-D5DF910E44BE}
		{21E8FE1F-5387-4F27-9A1A-5F2B40FA75F9} = {5CDCF901-115F-4479-AC44-56623DA31F27}
		{F4C5AB40-CA8B-46BF-BA0A-2C48C76CAD53} = {5CDCF901-115F-4479-AC44-56623DA31F27}
		{EC7843A6-328D-40B2-A9B7-FE40009CF1B1} = {0AAF6CCF-FD7D-45DE-8EF7-2BF829B04BBD}
		{169D1979-36FF-4102-9D0D-6B2CA5F7B013} = {0AAF6CCF-FD7D-45DE-8EF7-2BF829B04BBD}
		{1E476477-C2B3-4D68-A1DC-E887018A7541} = {6ABB0350-20EF-48D6-BA1E-1B56467B618D}
		{F4B68571-5E1D-41FD-88C8-F33AD743CB20} = {6ABB0350-20EF-48D6-BA1E-1B56467B618D}
		{81219EE7-6FCD-4512-9446-E97B54923852} = {0AAF6CCF-FD7D-45DE-8EF7-2BF829B04BBD}
	EndGlobalSection
	GlobalSection(ExtensibilityGlobals) = postSolution
		SolutionGuid = {4FB3CDC8-95A9-4F6C-813B-97355B25D67B}
	EndGlobalSection
EndGlobal
